
Microsoft Visual Studio Solution File, Format Version 12.00
Project("{F2A71F9B-5D33-465A-A702-920D77279786}") = "Patcher", "Patcher\Patcher.fsproj", "{5BC844EA-CC2B-4E0C-86C1-C7E422CFF4C0}"
EndProject
Project("{F2A71F9B-5D33-465A-A702-920D77279786}") = "Launcher", "Launcher\Launcher.fsproj", "{1760C9B1-57DC-4AE7-B4BD-F47D30EF1D21}"
EndProject
Project("{F2A71F9B-5D33-465A-A702-920D77279786}") = "Server", "Server\Server.fsproj", "{2BF716B4-224F-4C9E-9C58-CD7D87354209}"
EndProject
Global
	GlobalSection(SolutionConfigurationPlatforms) = preSolution
		Debug|Any CPU = Debug|Any CPU
		Release|Any CPU = Release|Any CPU
	EndGlobalSection
	GlobalSection(ProjectConfigurationPlatforms) = postSolution
		{5BC844EA-CC2B-4E0C-86C1-C7E422CFF4C0}.Debug|Any CPU.ActiveCfg = Debug|Any CPU
		{5BC844EA-CC2B-4E0C-86C1-C7E422CFF4C0}.Debug|Any CPU.Build.0 = Debug|Any CPU
		{5BC844EA-CC2B-4E0C-86C1-C7E422CFF4C0}.Release|Any CPU.ActiveCfg = Release|Any CPU
		{5BC844EA-CC2B-4E0C-86C1-C7E422CFF4C0}.Release|Any CPU.Build.0 = Release|Any CPU
		{1760C9B1-57DC-4AE7-B4BD-F47D30EF1D21}.Debug|Any CPU.ActiveCfg = Debug|Any CPU
		{1760C9B1-57DC-4AE7-B4BD-F47D30EF1D21}.Debug|Any CPU.Build.0 = Debug|Any CPU
		{1760C9B1-57DC-4AE7-B4BD-F47D30EF1D21}.Release|Any CPU.ActiveCfg = Release|Any CPU
		{1760C9B1-57DC-4AE7-B4BD-F47D30EF1D21}.Release|Any CPU.Build.0 = Release|Any CPU
		{2BF716B4-224F-4C9E-9C58-CD7D87354209}.Debug|Any CPU.ActiveCfg = Debug|Any CPU
		{2BF716B4-224F-4C9E-9C58-CD7D87354209}.Debug|Any CPU.Build.0 = Debug|Any CPU
		{2BF716B4-224F-4C9E-9C58-CD7D87354209}.Release|Any CPU.ActiveCfg = Release|Any CPU
		{2BF716B4-224F-4C9E-9C58-CD7D87354209}.Release|Any CPU.Build.0 = Release|Any CPU
	EndGlobalSection
EndGlobal
